
Microsoft Visual Studio Solution File, Format Version 12.00
# Visual Studio 15
VisualStudioVersion = 15.0.27428.2005
MinimumVisualStudioVersion = 10.0.40219.1
Project("{A0786B88-2ADB-4C21-ABE8-AA2D79766269}") = "BIS", "BIS.phpproj", "{DC15952B-3BC4-4B88-BCF2-1A3365CCE62E}"
EndProject
Global
	GlobalSection(SolutionConfigurationPlatforms) = preSolution
		Debug|Any CPU = Debug|Any CPU
		Release|Any CPU = Release|Any CPU
	EndGlobalSection
	GlobalSection(ProjectConfigurationPlatforms) = postSolution
		{DC15952B-3BC4-4B88-BCF2-1A3365CCE62E}.Debug|Any CPU.ActiveCfg = Debug|Any CPU
		{DC15952B-3BC4-4B88-BCF2-1A3365CCE62E}.Release|Any CPU.ActiveCfg = Release|Any CPU
	EndGlobalSection
	GlobalSection(SolutionProperties) = preSolution
		HideSolutionNode = FALSE
	EndGlobalSection
	GlobalSection(ExtensibilityGlobals) = postSolution
		SolutionGuid = {356C3A81-4641-4D72-AFEE-2DC2E2CC8D93}
	EndGlobalSection
EndGlobal
